<?xml version="1.0" encoding="utf-8"?>
<Project ToolsVersion="4.0" xmlns="http://schemas.microsoft.com/developer/msbuild/2003">
  <ItemGroup>
    <Filter Include="源文件">
      <UniqueIdentifier>{4FC737F1-C7A5-4376-A066-2A32D752A2FF}</UniqueIdentifier>
      <Extensions>cpp;c;cc;cxx;c++;cppm;ixx;def;odl;idl;hpj;bat;asm;asmx</Extensions>
    </Filter>
    <Filter Include="源文件\WinUtils">
      <UniqueIdentifier>{101abbb2-e620-43d6-9e2c-ba1603c480ec}</UniqueIdentifier>
    </Filter>
    <Filter Include="头文件">
      <UniqueIdentifier>{cfd561c9-7f38-47e9-897e-efe448bc796d}</UniqueIdentifier>
    </Filter>
    <Filter Include="头文件\WinUtils">
      <UniqueIdentifier>{b166fb07-63da-4eb7-8925-1b35fb49a645}</UniqueIdentifier>
    </Filter>
    <Filter Include="头文件\httplib">
      <UniqueIdentifier>{68153cb5-ebea-4f01-a97e-1338ed0dc1b6}</UniqueIdentifier>
    </Filter>
    <Filter Include="头文件\hashlib">
      <UniqueIdentifier>{e238e3ba-07fd-4a78-9369-0902a0fa2507}</UniqueIdentifier>
    </Filter>
    <Filter Include="源文件\hashlib">
      <UniqueIdentifier>{fa8ffe66-e43d-41db-84db-44092446dcac}</UniqueIdentifier>
    </Filter>
  </ItemGroup>
  <ItemGroup>
    <ClCompile Include="src\HugoUtils\BruteforceModel.cpp">
      <Filter>源文件</Filter>
    </ClCompile>
    <ClCompile Include="src\HugoUtils\GPL3.cpp">
      <Filter>源文件</Filter>
    </ClCompile>
    <ClCompile Include="src\HugoUtils\HArt.cpp">
      <Filter>源文件</Filter>
    </ClCompile>
    <ClCompile Include="src\HugoUtils\HFreezeApi.cpp">
      <Filter>源文件</Filter>
    </ClCompile>
    <ClCompile Include="src\HugoUtils\HFreezeDriver_p.cpp">
      <Filter>源文件</Filter>
    </ClCompile>
    <ClCompile Include="src\HugoUtils\HFreezeInterface.cpp">
      <Filter>源文件</Filter>
    </ClCompile>
    <ClCompile Include="src\HugoUtils\HInfo.cpp">
      <Filter>源文件</Filter>
    </ClCompile>
    <ClCompile Include="src\HugoUtils\HInstaller.cpp">
      <Filter>源文件</Filter>
    </ClCompile>
    <ClCompile Include="src\HugoUtils\HMount.cpp">
      <Filter>源文件</Filter>
    </ClCompile>
    <ClCompile Include="src\HugoUtils\HPassword.cpp">
      <Filter>源文件</Filter>
    </ClCompile>
    <ClCompile Include="src\HugoUtils\HugoUtils.cpp">
      <Filter>源文件</Filter>
    </ClCompile>
    <ClCompile Include="src\HugoUtils\HugoUtilsC.cpp">
      <Filter>源文件</Filter>
    </ClCompile>
    <ClCompile Include="src\WinUtils\AWDef.cpp">
      <Filter>源文件\WinUtils</Filter>
    </ClCompile>
    <ClCompile Include="src\WinUtils\CmdParser.cpp">
      <Filter>源文件\WinUtils</Filter>
    </ClCompile>
    <ClCompile Include="src\WinUtils\Console.cpp">
      <Filter>源文件\WinUtils</Filter>
    </ClCompile>
    <ClCompile Include="src\WinUtils\ConsoleMenu.cpp">
      <Filter>源文件\WinUtils</Filter>
    </ClCompile>
    <ClCompile Include="src\WinUtils\HttpConnect.cpp">
      <Filter>源文件\WinUtils</Filter>
    </ClCompile>
    <ClCompile Include="src\WinUtils\ini.cpp">
      <Filter>源文件\WinUtils</Filter>
    </ClCompile>
    <ClCompile Include="src\WinUtils\Injector.cpp">
      <Filter>源文件\WinUtils</Filter>
    </ClCompile>
    <ClCompile Include="src\WinUtils\Logger.cpp">
      <Filter>源文件\WinUtils</Filter>
    </ClCompile>
    <ClCompile Include="src\WinUtils\StrConvert.cpp">
      <Filter>源文件\WinUtils</Filter>
    </ClCompile>
    <ClCompile Include="src\WinUtils\WinReg.cpp">
      <Filter>源文件\WinUtils</Filter>
    </ClCompile>
    <ClCompile Include="src\WinUtils\WinSvcMgr.cpp">
      <Filter>源文件\WinUtils</Filter>
    </ClCompile>
    <ClCompile Include="src\WinUtils\WinUtils.cpp">
      <Filter>源文件\WinUtils</Filter>
    </ClCompile>
    <ClCompile Include="src\hashlib\crc32.cpp">
      <Filter>源文件\hashlib</Filter>
    </ClCompile>
    <ClCompile Include="src\hashlib\digest.cpp">
      <Filter>源文件\hashlib</Filter>
    </ClCompile>
    <ClCompile Include="src\hashlib\keccak.cpp">
      <Filter>源文件\hashlib</Filter>
    </ClCompile>
    <ClCompile Include="src\hashlib\md5.cpp">
      <Filter>源文件\hashlib</Filter>
    </ClCompile>
    <ClCompile Include="src\hashlib\sha1.cpp">
      <Filter>源文件\hashlib</Filter>
    </ClCompile>
    <ClCompile Include="src\hashlib\sha3.cpp">
      <Filter>源文件\hashlib</Filter>
    </ClCompile>
    <ClCompile Include="src\hashlib\sha256.cpp">
      <Filter>源文件\hashlib</Filter>
    </ClCompile>
    <ClCompile Include="src\HugoUtils\HLock.cpp">
      <Filter>源文件</Filter>
    </ClCompile>
    <ClCompile Include="src\HugoUtils\HFreezeFile_p.cpp">
      <Filter>源文件</Filter>
    </ClCompile>
    <ClCompile Include="src\HugoUtils\HFreezeDriver.cpp">
      <Filter>源文件</Filter>
    </ClCompile>
    <ClCompile Include="src\HugoUtils\HugoString.cpp">
      <Filter>源文件</Filter>
    </ClCompile>
    <ClCompile Include="src\WinUtils\UIAccess.cpp">
      <Filter>源文件</Filter>
    </ClCompile>
  </ItemGroup>
  <ItemGroup>
    <ClInclude Include="include\HugoUtils\BruteforceModel.h">
      <Filter>头文件</Filter>
    </ClInclude>
    <ClInclude Include="include\HugoUtils\GPL3.h">
      <Filter>头文件</Filter>
    </ClInclude>
    <ClInclude Include="include\HugoUtils\HArt.h">
      <Filter>头文件</Filter>
    </ClInclude>
    <ClInclude Include="include\HugoUtils\HFreezeApi.h">
      <Filter>头文件</Filter>
    </ClInclude>
    <ClInclude Include="include\HugoUtils\HFreezeDriver_p.h">
      <Filter>头文件</Filter>
    </ClInclude>
    <ClInclude Include="include\HugoUtils\HInfo.h">
      <Filter>头文件</Filter>
    </ClInclude>
    <ClInclude Include="include\HugoUtils\HInstaller.h">
      <Filter>头文件</Filter>
    </ClInclude>
    <ClInclude Include="include\HugoUtils\HMount.h">
      <Filter>头文件</Filter>
    </ClInclude>
    <ClInclude Include="include\HugoUtils\HPassword.h">
      <Filter>头文件</Filter>
    </ClInclude>
    <ClInclude Include="include\HugoUtils\HugoUtils.h">
      <Filter>头文件</Filter>
    </ClInclude>
    <ClInclude Include="include\HugoUtils\HugoUtilsC.h">
      <Filter>头文件</Filter>
    </ClInclude>
    <ClInclude Include="include\HugoUtils\HugoUtilsDef.h">
      <Filter>头文件</Filter>
    </ClInclude>
    <ClInclude Include="include\HugoUtils\httplib\httplib.h">
      <Filter>头文件\httplib</Filter>
    </ClInclude>
    <ClInclude Include="include\WinUtils\AWDef.h">
      <Filter>头文件\WinUtils</Filter>
    </ClInclude>
    <ClInclude Include="include\WinUtils\CmdParser.h">
      <Filter>头文件\WinUtils</Filter>
    </ClInclude>
    <ClInclude Include="include\WinUtils\Console.h">
      <Filter>头文件\WinUtils</Filter>
    </ClInclude>
    <ClInclude Include="include\WinUtils\ConsoleMenu.h">
      <Filter>头文件\WinUtils</Filter>
    </ClInclude>
    <ClInclude Include="include\WinUtils\HttpConnect.h">
      <Filter>头文件\WinUtils</Filter>
    </ClInclude>
    <ClInclude Include="include\WinUtils\INI.h">
      <Filter>头文件\WinUtils</Filter>
    </ClInclude>
    <ClInclude Include="include\WinUtils\Injector.h">
      <Filter>头文件\WinUtils</Filter>
    </ClInclude>
    <ClInclude Include="include\WinUtils\Logger.h">
      <Filter>头文件\WinUtils</Filter>
    </ClInclude>
    <ClInclude Include="include\WinUtils\StrConvert.h">
      <Filter>头文件\WinUtils</Filter>
    </ClInclude>
    <ClInclude Include="include\WinUtils\WinPch.h">
      <Filter>头文件\WinUtils</Filter>
    </ClInclude>
    <ClInclude Include="include\WinUtils\WinReg.h">
      <Filter>头文件\WinUtils</Filter>
    </ClInclude>
    <ClInclude Include="include\WinUtils\WinSvcMgr.h">
      <Filter>头文件\WinUtils</Filter>
    </ClInclude>
    <ClInclude Include="include\WinUtils\WinUtils.h">
      <Filter>头文件\WinUtils</Filter>
    </ClInclude>
    <ClInclude Include="include\WinUtils\WinUtilsDef.h">
      <Filter>头文件\WinUtils</Filter>
    </ClInclude>
    <ClInclude Include="include\hashlib\crc32.h">
      <Filter>头文件\hashlib</Filter>
    </ClInclude>
    <ClInclude Include="include\hashlib\hash.h">
      <Filter>头文件\hashlib</Filter>
    </ClInclude>
    <ClInclude Include="include\hashlib\hmac.h">
      <Filter>头文件\hashlib</Filter>
    </ClInclude>
    <ClInclude Include="include\hashlib\keccak.h">
      <Filter>头文件\hashlib</Filter>
    </ClInclude>
    <ClInclude Include="include\hashlib\md5.h">
      <Filter>头文件\hashlib</Filter>
    </ClInclude>
    <ClInclude Include="include\hashlib\sha1.h">
      <Filter>头文件\hashlib</Filter>
    </ClInclude>
    <ClInclude Include="include\hashlib\sha3.h">
      <Filter>头文件\hashlib</Filter>
    </ClInclude>
    <ClInclude Include="include\hashlib\sha256.h">
      <Filter>头文件\hashlib</Filter>
    </ClInclude>
    <ClInclude Include="include\HugoUtils\HLock.h">
      <Filter>头文件</Filter>
    </ClInclude>
    <ClInclude Include="include\HugoUtils\HugoString.h">
      <Filter>头文件</Filter>
    </ClInclude>
    <ClInclude Include="include\HugoUtils\HFreezeDriver.h">
      <Filter>头文件</Filter>
    </ClInclude>
    <ClInclude Include="include\HugoUtils\SWFreezeTypes.h">
      <Filter>头文件</Filter>
    </ClInclude>
    <ClInclude Include="include\HugoUtils\HFreezeInterface.h">
      <Filter>头文件</Filter>
    </ClInclude>
    <ClInclude Include="include\HugoUtils\HFreezeFile_p.h">
      <Filter>头文件</Filter>
    </ClInclude>
    <ClInclude Include="include\WinUtils\UIAccess.h" />
  </ItemGroup>
</Project>